// !$*UTF8*$!
{
	archiveVersion = 1;
	classes = {
	};
	objectVersion = 46;
	objects = {

/* Begin PBXBuildFile section */
		840D1D381935D11000BAD434 /* Foundation.framework in Frameworks */ = {isa = PBXBuildFile; fileRef = 840D1D371935D11000BAD434 /* Foundation.framework */; };
		840D1D3A1935D11000BAD434 /* CoreGraphics.framework in Frameworks */ = {isa = PBXBuildFile; fileRef = 840D1D391935D11000BAD434 /* CoreGraphics.framework */; };
		840D1D3C1935D11000BAD434 /* UIKit.framework in Frameworks */ = {isa = PBXBuildFile; fileRef = 840D1D3B1935D11000BAD434 /* UIKit.framework */; };
		840D1D421935D11000BAD434 /* InfoPlist.strings in Resources */ = {isa = PBXBuildFile; fileRef = 840D1D401935D11000BAD434 /* InfoPlist.strings */; };
		840D1D441935D11000BAD434 /* main.m in Sources */ = {isa = PBXBuildFile; fileRef = 840D1D431935D11000BAD434 /* main.m */; };
		840D1D481935D11000BAD434 /* AppDelegate.m in Sources */ = {isa = PBXBuildFile; fileRef = 840D1D471935D11000BAD434 /* AppDelegate.m */; };
		840D1D4B1935D11000BAD434 /* Main.storyboard in Resources */ = {isa = PBXBuildFile; fileRef = 840D1D491935D11000BAD434 /* Main.storyboard */; };
		840D1D4E1935D11000BAD434 /* ViewController.m in Sources */ = {isa = PBXBuildFile; fileRef = 840D1D4D1935D11000BAD434 /* ViewController.m */; };
		840D1D501935D11000BAD434 /* Images.xcassets in Resources */ = {isa = PBXBuildFile; fileRef = 840D1D4F1935D11000BAD434 /* Images.xcassets */; };
		840D1D571935D11000BAD434 /* XCTest.framework in Frameworks */ = {isa = PBXBuildFile; fileRef = 840D1D561935D11000BAD434 /* XCTest.framework */; };
		840D1D581935D11000BAD434 /* Foundation.framework in Frameworks */ = {isa = PBXBuildFile; fileRef = 840D1D371935D11000BAD434 /* Foundation.framework */; };
		840D1D591935D11000BAD434 /* UIKit.framework in Frameworks */ = {isa = PBXBuildFile; fileRef = 840D1D3B1935D11000BAD434 /* UIKit.framework */; };
		840D1D611935D11000BAD434 /* InfoPlist.strings in Resources */ = {isa = PBXBuildFile; fileRef = 840D1D5F1935D11000BAD434 /* InfoPlist.strings */; };
		840D1D631935D11000BAD434 /* VideoPlayRecordTests.m in Sources */ = {isa = PBXBuildFile; fileRef = 840D1D621935D11000BAD434 /* VideoPlayRecordTests.m */; };
		840D1D6D1935D12700BAD434 /* AssetsLibrary.framework in Frameworks */ = {isa = PBXBuildFile; fileRef = 840D1D6C1935D12700BAD434 /* AssetsLibrary.framework */; };
		840D1D6F1935D13300BAD434 /* AVFoundation.framework in Frameworks */ = {isa = PBXBuildFile; fileRef = 840D1D6E1935D13300BAD434 /* AVFoundation.framework */; };
		840D1D711935D13F00BAD434 /* CoreMedia.framework in Frameworks */ = {isa = PBXBuildFile; fileRef = 840D1D701935D13F00BAD434 /* CoreMedia.framework */; };
		840D1D731935D15500BAD434 /* MediaPlayer.framework in Frameworks */ = {isa = PBXBuildFile; fileRef = 840D1D721935D15500BAD434 /* MediaPlayer.framework */; };
		840D1D751935D16000BAD434 /* MobileCoreServices.framework in Frameworks */ = {isa = PBXBuildFile; fileRef = 840D1D741935D16000BAD434 /* MobileCoreServices.framework */; };
		840D1D771935D16B00BAD434 /* QuartzCore.framework in Frameworks */ = {isa = PBXBuildFile; fileRef = 840D1D761935D16B00BAD434 /* QuartzCore.framework */; };
		840D1D7A1935D75900BAD434 /* PlayVideoViewController.m in Sources */ = {isa = PBXBuildFile; fileRef = 840D1D791935D75900BAD434 /* PlayVideoViewController.m */; };
		840D1D7D1935D77200BAD434 /* RecordVideoViewController.m in Sources */ = {isa = PBXBuildFile; fileRef = 840D1D7C1935D77200BAD434 /* RecordVideoViewController.m */; };
		840D1D801935D78100BAD434 /* MergeVideoViewController.m in Sources */ = {isa = PBXBuildFile; fileRef = 840D1D7F1935D78100BAD434 /* MergeVideoViewController.m */; };
/* End PBXBuildFile section */

/* Begin PBXContainerItemProxy section */
		840D1D5A1935D11000BAD434 /* PBXContainerItemProxy */ = {
			isa = PBXContainerItemProxy;
			containerPortal = 840D1D2C1935D11000BAD434 /* Project object */;
			proxyType = 1;
			remoteGlobalIDString = 840D1D331935D11000BAD434;
			remoteInfo = VideoPlayRecord;
		};
/* End PBXContainerItemProxy section */

/* Begin PBXFileReference section */
		840D1D341935D11000BAD434 /* VideoPlayRecord.app */ = {isa = PBXFileReference; explicitFileType = wrapper.application; includeInIndex = 0; path = VideoPlayRecord.app; sourceTree = BUILT_PRODUCTS_DIR; };
		840D1D371935D11000BAD434 /* Foundation.framework */ = {isa = PBXFileReference; lastKnownFileType = wrapper.framework; name = Foundation.framework; path = System/Library/Frameworks/Foundation.framework; sourceTree = SDKROOT; };
		840D1D391935D11000BAD434 /* CoreGraphics.framework */ = {isa = PBXFileReference; lastKnownFileType = wrapper.framework; name = CoreGraphics.framework; path = System/Library/Frameworks/CoreGraphics.framework; sourceTree = SDKROOT; };
		840D1D3B1935D11000BAD434 /* UIKit.framework */ = {isa = PBXFileReference; lastKnownFileType = wrapper.framework; name = UIKit.framework; path = System/Library/Frameworks/UIKit.framework; sourceTree = SDKROOT; };
		840D1D3F1935D11000BAD434 /* VideoPlayRecord-Info.plist */ = {isa = PBXFileReference; lastKnownFileType = text.plist.xml; path = "VideoPlayRecord-Info.plist"; sourceTree = "<group>"; };
		840D1D411935D11000BAD434 /* en */ = {isa = PBXFileReference; lastKnownFileType = text.plist.strings; name = en; path = en.lproj/InfoPlist.strings; sourceTree = "<group>"; };
		840D1D431935D11000BAD434 /* main.m */ = {isa = PBXFileReference; lastKnownFileType = sourcecode.c.objc; path = main.m; sourceTree = "<group>"; };
		840D1D451935D11000BAD434 /* VideoPlayRecord-Prefix.pch */ = {isa = PBXFileReference; lastKnownFileType = sourcecode.c.h; path = "VideoPlayRecord-Prefix.pch"; sourceTree = "<group>"; };
		840D1D461935D11000BAD434 /* AppDelegate.h */ = {isa = PBXFileReference; lastKnownFileType = sourcecode.c.h; path = AppDelegate.h; sourceTree = "<group>"; };
		840D1D471935D11000BAD434 /* AppDelegate.m */ = {isa = PBXFileReference; lastKnownFileType = sourcecode.c.objc; path = AppDelegate.m; sourceTree = "<group>"; };
		840D1D4A1935D11000BAD434 /* Base */ = {isa = PBXFileReference; lastKnownFileType = file.storyboard; name = Base; path = Base.lproj/Main.storyboard; sourceTree = "<group>"; };
		840D1D4C1935D11000BAD434 /* ViewController.h */ = {isa = PBXFileReference; lastKnownFileType = sourcecode.c.h; path = ViewController.h; sourceTree = "<group>"; };
		840D1D4D1935D11000BAD434 /* ViewController.m */ = {isa = PBXFileReference; lastKnownFileType = sourcecode.c.objc; path = ViewController.m; sourceTree = "<group>"; };
		840D1D4F1935D11000BAD434 /* Images.xcassets */ = {isa = PBXFileReference; lastKnownFileType = folder.assetcatalog; path = Images.xcassets; sourceTree = "<group>"; };
		840D1D551935D11000BAD434 /* VideoPlayRecordTests.xctest */ = {isa = PBXFileReference; explicitFileType = wrapper.cfbundle; includeInIndex = 0; path = VideoPlayRecordTests.xctest; sourceTree = BUILT_PRODUCTS_DIR; };
		840D1D561935D11000BAD434 /* XCTest.framework */ = {isa = PBXFileReference; lastKnownFileType = wrapper.framework; name = XCTest.framework; path = Library/Frameworks/XCTest.framework; sourceTree = DEVELOPER_DIR; };
		840D1D5E1935D11000BAD434 /* VideoPlayRecordTests-Info.plist */ = {isa = PBXFileReference; lastKnownFileType = text.plist.xml; path = "VideoPlayRecordTests-Info.plist"; sourceTree = "<group>"; };
		840D1D601935D11000BAD434 /* en */ = {isa = PBXFileReference; lastKnownFileType = text.plist.strings; name = en; path = en.lproj/InfoPlist.strings; sourceTree = "<group>"; };
		840D1D621935D11000BAD434 /* VideoPlayRecordTests.m */ = {isa = PBXFileReference; lastKnownFileType = sourcecode.c.objc; path = VideoPlayRecordTests.m; sourceTree = "<group>"; };
		840D1D6C1935D12700BAD434 /* AssetsLibrary.framework */ = {isa = PBXFileReference; lastKnownFileType = wrapper.framework; name = AssetsLibrary.framework; path = System/Library/Frameworks/AssetsLibrary.framework; sourceTree = SDKROOT; };
		840D1D6E1935D13300BAD434 /* AVFoundation.framework */ = {isa = PBXFileReference; lastKnownFileType = wrapper.framework; name = AVFoundation.framework; path = System/Library/Frameworks/AVFoundation.framework; sourceTree = SDKROOT; };
		840D1D701935D13F00BAD434 /* CoreMedia.framework */ = {isa = PBXFileReference; lastKnownFileType = wrapper.framework; name = CoreMedia.framework; path = System/Library/Frameworks/CoreMedia.framework; sourceTree = SDKROOT; };
		840D1D721935D15500BAD434 /* MediaPlayer.framework */ = {isa = PBXFileReference; lastKnownFileType = wrapper.framework; name = MediaPlayer.framework; path = System/Library/Frameworks/MediaPlayer.framework; sourceTree = SDKROOT; };
		840D1D741935D16000BAD434 /* MobileCoreServices.framework */ = {isa = PBXFileReference; lastKnownFileType = wrapper.framework; name = MobileCoreServices.framework; path = System/Library/Frameworks/MobileCoreServices.framework; sourceTree = SDKROOT; };
		840D1D761935D16B00BAD434 /* QuartzCore.framework */ = {isa = PBXFileReference; lastKnownFileType = wrapper.framework; name = QuartzCore.framework; path = System/Library/Frameworks/QuartzCore.framework; sourceTree = SDKROOT; };
		840D1D781935D75800BAD434 /* PlayVideoViewController.h */ = {isa = PBXFileReference; fileEncoding = 4; lastKnownFileType = sourcecode.c.h; path = PlayVideoViewController.h; sourceTree = "<group>"; };
		840D1D791935D75900BAD434 /* PlayVideoViewController.m */ = {isa = PBXFileReference; fileEncoding = 4; lastKnownFileType = sourcecode.c.objc; path = PlayVideoViewController.m; sourceTree = "<group>"; };
		840D1D7B1935D77200BAD434 /* RecordVideoViewController.h */ = {isa = PBXFileReference; fileEncoding = 4; lastKnownFileType = sourcecode.c.h; path = RecordVideoViewController.h; sourceTree = "<group>"; };
		840D1D7C1935D77200BAD434 /* RecordVideoViewController.m */ = {isa = PBXFileReference; fileEncoding = 4; lastKnownFileType = sourcecode.c.objc; path = RecordVideoViewController.m; sourceTree = "<group>"; };
		840D1D7E1935D78100BAD434 /* MergeVideoViewController.h */ = {isa = PBXFileReference; fileEncoding = 4; lastKnownFileType = sourcecode.c.h; path = MergeVideoViewController.h; sourceTree = "<group>"; };
		840D1D7F1935D78100BAD434 /* MergeVideoViewController.m */ = {isa = PBXFileReference; fileEncoding = 4; lastKnownFileType = sourcecode.c.objc; path = MergeVideoViewController.m; sourceTree = "<group>"; };
/* End PBXFileReference section */

/* Begin PBXFrameworksBuildPhase section */
		840D1D311935D11000BAD434 /* Frameworks */ = {
			isa = PBXFrameworksBuildPhase;
			buildActionMask = 2147483647;
			files = (
				840D1D771935D16B00BAD434 /* QuartzCore.framework in Frameworks */,
				840D1D751935D16000BAD434 /* MobileCoreServices.framework in Frameworks */,
				840D1D731935D15500BAD434 /* MediaPlayer.framework in Frameworks */,
				840D1D711935D13F00BAD434 /* CoreMedia.framework in Frameworks */,
				840D1D6F1935D13300BAD434 /* AVFoundation.framework in Frameworks */,
				840D1D6D1935D12700BAD434 /* AssetsLibrary.framework in Frameworks */,
				840D1D3A1935D11000BAD434 /* CoreGraphics.framework in Frameworks */,
				840D1D3C1935D11000BAD434 /* UIKit.framework in Frameworks */,
				840D1D381935D11000BAD434 /* Foundation.framework in Frameworks */,
			);
			runOnlyForDeploymentPostprocessing = 0;
		};
		840D1D521935D11000BAD434 /* Frameworks */ = {
			isa = PBXFrameworksBuildPhase;
			buildActionMask = 2147483647;
			files = (
				840D1D571935D11000BAD434 /* XCTest.framework in Frameworks */,
				840D1D591935D11000BAD434 /* UIKit.framework in Frameworks */,
				840D1D581935D11000BAD434 /* Foundation.framework in Frameworks */,
			);
			runOnlyForDeploymentPostprocessing = 0;
		};
/* End PBXFrameworksBuildPhase section */

/* Begin PBXGroup section */
		840D1D2B1935D11000BAD434 = {
			isa = PBXGroup;
			children = (
				840D1D3D1935D11000BAD434 /* VideoPlayRecord */,
				840D1D5C1935D11000BAD434 /* VideoPlayRecordTests */,
				840D1D361935D11000BAD434 /* Frameworks */,
				840D1D351935D11000BAD434 /* Products */,
			);
			sourceTree = "<group>";
		};
		840D1D351935D11000BAD434 /* Products */ = {
			isa = PBXGroup;
			children = (
				840D1D341935D11000BAD434 /* VideoPlayRecord.app */,
				840D1D551935D11000BAD434 /* VideoPlayRecordTests.xctest */,
			);
			name = Products;
			sourceTree = "<group>";
		};
		840D1D361935D11000BAD434 /* Frameworks */ = {
			isa = PBXGroup;
			children = (
				840D1D761935D16B00BAD434 /* QuartzCore.framework */,
				840D1D741935D16000BAD434 /* MobileCoreServices.framework */,
				840D1D721935D15500BAD434 /* MediaPlayer.framework */,
				840D1D701935D13F00BAD434 /* CoreMedia.framework */,
				840D1D6E1935D13300BAD434 /* AVFoundation.framework */,
				840D1D6C1935D12700BAD434 /* AssetsLibrary.framework */,
				840D1D371935D11000BAD434 /* Foundation.framework */,
				840D1D391935D11000BAD434 /* CoreGraphics.framework */,
				840D1D3B1935D11000BAD434 /* UIKit.framework */,
				840D1D561935D11000BAD434 /* XCTest.framework */,
			);
			name = Frameworks;
			sourceTree = "<group>";
		};
		840D1D3D1935D11000BAD434 /* VideoPlayRecord */ = {
			isa = PBXGroup;
			children = (
				840D1D461935D11000BAD434 /* AppDelegate.h */,
				840D1D471935D11000BAD434 /* AppDelegate.m */,
				840D1D491935D11000BAD434 /* Main.storyboard */,
				840D1D781935D75800BAD434 /* PlayVideoViewController.h */,
				840D1D791935D75900BAD434 /* PlayVideoViewController.m */,
				840D1D7B1935D77200BAD434 /* RecordVideoViewController.h */,
				840D1D7C1935D77200BAD434 /* RecordVideoViewController.m */,
				840D1D7E1935D78100BAD434 /* MergeVideoViewController.h */,
				840D1D7F1935D78100BAD434 /* MergeVideoViewController.m */,
				840D1D4C1935D11000BAD434 /* ViewController.h */,
				840D1D4D1935D11000BAD434 /* ViewController.m */,
				840D1D4F1935D11000BAD434 /* Images.xcassets */,
				840D1D3E1935D11000BAD434 /* Supporting Files */,
			);
			path = VideoPlayRecord;
			sourceTree = "<group>";
		};
		840D1D3E1935D11000BAD434 /* Supporting Files */ = {
			isa = PBXGroup;
			children = (
				840D1D3F1935D11000BAD434 /* VideoPlayRecord-Info.plist */,
				840D1D401935D11000BAD434 /* InfoPlist.strings */,
				840D1D431935D11000BAD434 /* main.m */,
				840D1D451935D11000BAD434 /* VideoPlayRecord-Prefix.pch */,
			);
			name = "Supporting Files";
			sourceTree = "<group>";
		};
		840D1D5C1935D11000BAD434 /* VideoPlayRecordTests */ = {
			isa = PBXGroup;
			children = (
				840D1D621935D11000BAD434 /* VideoPlayRecordTests.m */,
				840D1D5D1935D11000BAD434 /* Supporting Files */,
			);
			path = VideoPlayRecordTests;
			sourceTree = "<group>";
		};
		840D1D5D1935D11000BAD434 /* Supporting Files */ = {
			isa = PBXGroup;
			children = (
				840D1D5E1935D11000BAD434 /* VideoPlayRecordTests-Info.plist */,
				840D1D5F1935D11000BAD434 /* InfoPlist.strings */,
			);
			name = "Supporting Files";
			sourceTree = "<group>";
		};
/* End PBXGroup section */

/* Begin PBXNativeTarget section */
		840D1D331935D11000BAD434 /* VideoPlayRecord */ = {
			isa = PBXNativeTarget;
			buildConfigurationList = 840D1D661935D11000BAD434 /* Build configuration list for PBXNativeTarget "VideoPlayRecord" */;
			buildPhases = (
				840D1D301935D11000BAD434 /* Sources */,
				840D1D311935D11000BAD434 /* Frameworks */,
				840D1D321935D11000BAD434 /* Resources */,
			);
			buildRules = (
			);
			dependencies = (
			);
			name = VideoPlayRecord;
			productName = VideoPlayRecord;
			productReference = 840D1D341935D11000BAD434 /* VideoPlayRecord.app */;
			productType = "com.apple.product-type.application";
		};
		840D1D541935D11000BAD434 /* VideoPlayRecordTests */ = {
			isa = PBXNativeTarget;
			buildConfigurationList = 840D1D691935D11000BAD434 /* Build configuration list for PBXNativeTarget "VideoPlayRecordTests" */;
			buildPhases = (
				840D1D511935D11000BAD434 /* Sources */,
				840D1D521935D11000BAD434 /* Frameworks */,
				840D1D531935D11000BAD434 /* Resources */,
			);
			buildRules = (
			);
			dependencies = (
				840D1D5B1935D11000BAD434 /* PBXTargetDependency */,
			);
			name = VideoPlayRecordTests;
			productName = VideoPlayRecordTests;
			productReference = 840D1D551935D11000BAD434 /* VideoPlayRecordTests.xctest */;
			productType = "com.apple.product-type.bundle.unit-test";
		};
/* End PBXNativeTarget section */

/* Begin PBXProject section */
		840D1D2C1935D11000BAD434 /* Project object */ = {
			isa = PBXProject;
			attributes = {
				LastUpgradeCheck = 0500;
				ORGANIZATIONNAME = HungNT;
				TargetAttributes = {
					840D1D541935D11000BAD434 = {
						TestTargetID = 840D1D331935D11000BAD434;
					};
				};
			};
			buildConfigurationList = 840D1D2F1935D11000BAD434 /* Build configuration list for PBXProject "VideoPlayRecord" */;
			compatibilityVersion = "Xcode 3.2";
			developmentRegion = English;
			hasScannedForEncodings = 0;
			knownRegions = (
				en,
				Base,
			);
			mainGroup = 840D1D2B1935D11000BAD434;
			productRefGroup = 840D1D351935D11000BAD434 /* Products */;
			projectDirPath = "";
			projectRoot = "";
			targets = (
				840D1D331935D11000BAD434 /* VideoPlayRecord */,
				840D1D541935D11000BAD434 /* VideoPlayRecordTests */,
			);
		};
/* End PBXProject section */

/* Begin PBXResourcesBuildPhase section */
		840D1D321935D11000BAD434 /* Resources */ = {
			isa = PBXResourcesBuildPhase;
			buildActionMask = 2147483647;
			files = (
				840D1D501935D11000BAD434 /* Images.xcassets in Resources */,
				840D1D421935D11000BAD434 /* InfoPlist.strings in Resources */,
				840D1D4B1935D11000BAD434 /* Main.storyboard in Resources */,
			);
			runOnlyForDeploymentPostprocessing = 0;
		};
		840D1D531935D11000BAD434 /* Resources */ = {
			isa = PBXResourcesBuildPhase;
			buildActionMask = 2147483647;
			files = (
				840D1D611935D11000BAD434 /* InfoPlist.strings in Resources */,
			);
			runOnlyForDeploymentPostprocessing = 0;
		};
/* End PBXResourcesBuildPhase section */

/* Begin PBXSourcesBuildPhase section */
		840D1D301935D11000BAD434 /* Sources */ = {
			isa = PBXSourcesBuildPhase;
			buildActionMask = 2147483647;
			files = (
				840D1D7A1935D75900BAD434 /* PlayVideoViewController.m in Sources */,
				840D1D4E1935D11000BAD434 /* ViewController.m in Sources */,
				840D1D481935D11000BAD434 /* AppDelegate.m in Sources */,
				840D1D7D1935D77200BAD434 /* RecordVideoViewController.m in Sources */,
				840D1D441935D11000BAD434 /* main.m in Sources */,
				840D1D801935D78100BAD434 /* MergeVideoViewController.m in Sources */,
			);
			runOnlyForDeploymentPostprocessing = 0;
		};
		840D1D511935D11000BAD434 /* Sources */ = {
			isa = PBXSourcesBuildPhase;
			buildActionMask = 2147483647;
			files = (
				840D1D631935D11000BAD434 /* VideoPlayRecordTests.m in Sources */,
			);
			runOnlyForDeploymentPostprocessing = 0;
		};
/* End PBXSourcesBuildPhase section */

/* Begin PBXTargetDependency section */
		840D1D5B1935D11000BAD434 /* PBXTargetDependency */ = {
			isa = PBXTargetDependency;
			target = 840D1D331935D11000BAD434 /* VideoPlayRecord */;
			targetProxy = 840D1D5A1935D11000BAD434 /* PBXContainerItemProxy */;
		};
/* End PBXTargetDependency section */

/* Begin PBXVariantGroup section */
		840D1D401935D11000BAD434 /* InfoPlist.strings */ = {
			isa = PBXVariantGroup;
			children = (
				840D1D411935D11000BAD434 /* en */,
			);
			name = InfoPlist.strings;
			sourceTree = "<group>";
		};
		840D1D491935D11000BAD434 /* Main.storyboard */ = {
			isa = PBXVariantGroup;
			children = (
				840D1D4A1935D11000BAD434 /* Base */,
			);
			name = Main.storyboard;
			sourceTree = "<group>";
		};
		840D1D5F1935D11000BAD434 /* InfoPlist.strings */ = {
			isa = PBXVariantGroup;
			children = (
				840D1D601935D11000BAD434 /* en */,
			);
			name = InfoPlist.strings;
			sourceTree = "<group>";
		};
/* End PBXVariantGroup section */

/* Begin XCBuildConfiguration section */
		840D1D641935D11000BAD434 /* Debug */ = {
			isa = XCBuildConfiguration;
			buildSettings = {
				ALWAYS_SEARCH_USER_PATHS = NO;
				ARCHS = "$(ARCHS_STANDARD_INCLUDING_64_BIT)";
				CLANG_CXX_LANGUAGE_STANDARD = "gnu++0x";
				CLANG_CXX_LIBRARY = "libc++";
				CLANG_ENABLE_MODULES = YES;
				CLANG_ENABLE_OBJC_ARC = YES;
				CLANG_WARN_BOOL_CONVERSION = YES;
				CLANG_WARN_CONSTANT_CONVERSION = YES;
				CLANG_WARN_DIRECT_OBJC_ISA_USAGE = YES_ERROR;
				CLANG_WARN_EMPTY_BODY = YES;
				CLANG_WARN_ENUM_CONVERSION = YES;
				CLANG_WARN_INT_CONVERSION = YES;
				CLANG_WARN_OBJC_ROOT_CLASS = YES_ERROR;
				CLANG_WARN__DUPLICATE_METHOD_MATCH = YES;
				"CODE_SIGN_IDENTITY[sdk=iphoneos*]" = "iPhone Developer";
				COPY_PHASE_STRIP = NO;
				GCC_C_LANGUAGE_STANDARD = gnu99;
				GCC_DYNAMIC_NO_PIC = NO;
				GCC_OPTIMIZATION_LEVEL = 0;
				GCC_PREPROCESSOR_DEFINITIONS = (
					"DEBUG=1",
					"$(inherited)",
				);
				GCC_SYMBOLS_PRIVATE_EXTERN = NO;
				GCC_WARN_64_TO_32_BIT_CONVERSION = YES;
				GCC_WARN_ABOUT_RETURN_TYPE = YES_ERROR;
				GCC_WARN_UNDECLARED_SELECTOR = YES;
				GCC_WARN_UNINITIALIZED_AUTOS = YES;
				GCC_WARN_UNUSED_FUNCTION = YES;
				GCC_WARN_UNUSED_VARIABLE = YES;
				IPHONEOS_DEPLOYMENT_TARGET = 7.0;
				ONLY_ACTIVE_ARCH = YES;
				SDKROOT = iphoneos;
			};
			name = Debug;
		};
		840D1D651935D11000BAD434 /* Release */ = {
			isa = XCBuildConfiguration;
			buildSettings = {
				ALWAYS_SEARCH_USER_PATHS = NO;
				ARCHS = "$(ARCHS_STANDARD_INCLUDING_64_BIT)";
				CLANG_CXX_LANGUAGE_STANDARD = "gnu++0x";
				CLANG_CXX_LIBRARY = "libc++";
				CLANG_ENABLE_MODULES = YES;
				CLANG_ENABLE_OBJC_ARC = YES;
				CLANG_WARN_BOOL_CONVERSION = YES;
				CLANG_WARN_CONSTANT_CONVERSION = YES;
				CLANG_WARN_DIRECT_OBJC_ISA_USAGE = YES_ERROR;
				CLANG_WARN_EMPTY_BODY = YES;
				CLANG_WARN_ENUM_CONVERSION = YES;
				CLANG_WARN_INT_CONVERSION = YES;
				CLANG_WARN_OBJC_ROOT_CLASS = YES_ERROR;
				CLANG_WARN__DUPLICATE_METHOD_MATCH = YES;
				"CODE_SIGN_IDENTITY[sdk=iphoneos*]" = "iPhone Developer";
				COPY_PHASE_STRIP = YES;
				ENABLE_NS_ASSERTIONS = NO;
				GCC_C_LANGUAGE_STANDARD = gnu99;
				GCC_WARN_64_TO_32_BIT_CONVERSION = YES;
				GCC_WARN_ABOUT_RETURN_TYPE = YES_ERROR;
				GCC_WARN_UNDECLARED_SELECTOR = YES;
				GCC_WARN_UNINITIALIZED_AUTOS = YES;
				GCC_WARN_UNUSED_FUNCTION = YES;
				GCC_WARN_UNUSED_VARIABLE = YES;
				IPHONEOS_DEPLOYMENT_TARGET = 7.0;
				SDKROOT = iphoneos;
				VALIDATE_PRODUCT = YES;
			};
			name = Release;
		};
		840D1D671935D11000BAD434 /* Debug */ = {
			isa = XCBuildConfiguration;
			buildSettings = {
				ASSETCATALOG_COMPILER_APPICON_NAME = AppIcon;
				ASSETCATALOG_COMPILER_LAUNCHIMAGE_NAME = LaunchImage;
				GCC_PRECOMPILE_PREFIX_HEADER = YES;
				GCC_PREFIX_HEADER = "VideoPlayRecord/VideoPlayRecord-Prefix.pch";
				INFOPLIST_FILE = "VideoPlayRecord/VideoPlayRecord-Info.plist";
				PRODUCT_NAME = "$(TARGET_NAME)";
				WRAPPER_EXTENSION = app;
			};
			name = Debug;
		};
		840D1D681935D11000BAD434 /* Release */ = {
			isa = XCBuildConfiguration;
			buildSettings = {
				ASSETCATALOG_COMPILER_APPICON_NAME = AppIcon;
				ASSETCATALOG_COMPILER_LAUNCHIMAGE_NAME = LaunchImage;
				GCC_PRECOMPILE_PREFIX_HEADER = YES;
				GCC_PREFIX_HEADER = "VideoPlayRecord/VideoPlayRecord-Prefix.pch";
				INFOPLIST_FILE = "VideoPlayRecord/VideoPlayRecord-Info.plist";
				PRODUCT_NAME = "$(TARGET_NAME)";
				WRAPPER_EXTENSION = app;
			};
			name = Release;
		};
		840D1D6A1935D11000BAD434 /* Debug */ = {
			isa = XCBuildConfiguration;
			buildSettings = {
				ARCHS = "$(ARCHS_STANDARD_INCLUDING_64_BIT)";
				BUNDLE_LOADER = "$(BUILT_PRODUCTS_DIR)/VideoPlayRecord.app/VideoPlayRecord";
				FRAMEWORK_SEARCH_PATHS = (
					"$(SDKROOT)/Developer/Library/Frameworks",
					"$(inherited)",
					"$(DEVELOPER_FRAMEWORKS_DIR)",
				);
				GCC_PRECOMPILE_PREFIX_HEADER = YES;
				GCC_PREFIX_HEADER = "VideoPlayRecord/VideoPlayRecord-Prefix.pch";
				GCC_PREPROCESSOR_DEFINITIONS = (
					"DEBUG=1",
					"$(inherited)",
				);
				INFOPLIST_FILE = "VideoPlayRecordTests/VideoPlayRecordTests-Info.plist";
				PRODUCT_NAME = "$(TARGET_NAME)";
				TEST_HOST = "$(BUNDLE_LOADER)";
				WRAPPER_EXTENSION = xctest;
			};
			name = Debug;
		};
		840D1D6B1935D11000BAD434 /* Release */ = {
			isa = XCBuildConfiguration;
			buildSettings = {
				ARCHS = "$(ARCHS_STANDARD_INCLUDING_64_BIT)";
				BUNDLE_LOADER = "$(BUILT_PRODUCTS_DIR)/VideoPlayRecord.app/VideoPlayRecord";
				FRAMEWORK_SEARCH_PATHS = (
					"$(SDKROOT)/Developer/Library/Frameworks",
					"$(inherited)",
					"$(DEVELOPER_FRAMEWORKS_DIR)",
				);
				GCC_PRECOMPILE_PREFIX_HEADER = YES;
				GCC_PREFIX_HEADER = "VideoPlayRecord/VideoPlayRecord-Prefix.pch";
				INFOPLIST_FILE = "VideoPlayRecordTests/VideoPlayRecordTests-Info.plist";
				PRODUCT_NAME = "$(TARGET_NAME)";
				TEST_HOST = "$(BUNDLE_LOADER)";
				WRAPPER_EXTENSION = xctest;
			};
			name = Release;
		};
/* End XCBuildConfiguration section */

/* Begin XCConfigurationList section */
		840D1D2F1935D11000BAD434 /* Build configuration list for PBXProject "VideoPlayRecord" */ = {
			isa = XCConfigurationList;
			buildConfigurations = (
				840D1D641935D11000BAD434 /* Debug */,
				840D1D651935D11000BAD434 /* Release */,
			);
			defaultConfigurationIsVisible = 0;
			defaultConfigurationName = Release;
		};
		840D1D661935D11000BAD434 /* Build configuration list for PBXNativeTarget "VideoPlayRecord" */ = {
			isa = XCConfigurationList;
			buildConfigurations = (
				840D1D671935D11000BAD434 /* Debug */,
				840D1D681935D11000BAD434 /* Release */,
			);
			defaultConfigurationIsVisible = 0;
		};
		840D1D691935D11000BAD434 /* Build configuration list for PBXNativeTarget "VideoPlayRecordTests" */ = {
			isa = XCConfigurationList;
			buildConfigurations = (
				840D1D6A1935D11000BAD434 /* Debug */,
				840D1D6B1935D11000BAD434 /* Release */,
			);
			defaultConfigurationIsVisible = 0;
		};
/* End XCConfigurationList section */
	};
	rootObject = 840D1D2C1935D11000BAD434 /* Project object */;
}
